
Microsoft Visual Studio Solution File, Format Version 12.00
# Visual Studio Version 17
VisualStudioVersion = 17.4.33205.214
MinimumVisualStudioVersion = 10.0.40219.1
Project("{9A19103F-16F7-4668-BE54-9A1E7A4F7556}") = "Chess.NET", "Chess.NET\Chess.NET.csproj", "{447E790B-395C-4E08-8CAB-EDF0F5E27C24}"
EndProject
Project("{FAE04EC0-301F-11D3-BF4B-00C04F79EFBC}") = "chess.tes", "chess.tes\chess.tes.csproj", "{CEE3BA00-50F0-43D5-94DB-F93A4A497BCD}"
EndProject
Global
	GlobalSection(SolutionConfigurationPlatforms) = preSolution
		Debug|Any CPU = Debug|Any CPU
		Release|Any CPU = Release|Any CPU
	EndGlobalSection
	GlobalSection(ProjectConfigurationPlatforms) = postSolution
		{447E790B-395C-4E08-8CAB-EDF0F5E27C24}.Debug|Any CPU.ActiveCfg = Debug|Any CPU
		{447E790B-395C-4E08-8CAB-EDF0F5E27C24}.Debug|Any CPU.Build.0 = Debug|Any CPU
		{447E790B-395C-4E08-8CAB-EDF0F5E27C24}.Release|Any CPU.ActiveCfg = Release|Any CPU
		{447E790B-395C-4E08-8CAB-EDF0F5E27C24}.Release|Any CPU.Build.0 = Release|Any CPU
		{CEE3BA00-50F0-43D5-94DB-F93A4A497BCD}.Debug|Any CPU.ActiveCfg = Debug|Any CPU
		{CEE3BA00-50F0-43D5-94DB-F93A4A497BCD}.Debug|Any CPU.Build.0 = Debug|Any CPU
		{CEE3BA00-50F0-43D5-94DB-F93A4A497BCD}.Release|Any CPU.ActiveCfg = Release|Any CPU
		{CEE3BA00-50F0-43D5-94DB-F93A4A497BCD}.Release|Any CPU.Build.0 = Release|Any CPU
	EndGlobalSection
	GlobalSection(SolutionProperties) = preSolution
		HideSolutionNode = FALSE
	EndGlobalSection
	GlobalSection(ExtensibilityGlobals) = postSolution
		SolutionGuid = {BAC60AF7-C30E-4387-B0ED-1AA85CE3EDBB}
	EndGlobalSection
EndGlobal
